
Microsoft Visual Studio Solution File, Format Version 12.00
# Visual Studio 15
VisualStudioVersion = 15.0.27428.2037
MinimumVisualStudioVersion = 10.0.40219.1
Project("{FAE04EC0-301F-11D3-BF4B-00C04F79EFBC}") = "Blogger", "Blogger\Blogger.csproj", "{2870903B-13AF-4991-8463-D646BEFB82A5}"
EndProject
Global
	GlobalSection(SolutionConfigurationPlatforms) = preSolution
		Debug|Any CPU = Debug|Any CPU
		Release|Any CPU = Release|Any CPU
	EndGlobalSection
	GlobalSection(ProjectConfigurationPlatforms) = postSolution
		{2870903B-13AF-4991-8463-D646BEFB82A5}.Debug|Any CPU.ActiveCfg = Debug|Any CPU
		{2870903B-13AF-4991-8463-D646BEFB82A5}.Debug|Any CPU.Build.0 = Debug|Any CPU
		{2870903B-13AF-4991-8463-D646BEFB82A5}.Release|Any CPU.ActiveCfg = Release|Any CPU
		{2870903B-13AF-4991-8463-D646BEFB82A5}.Release|Any CPU.Build.0 = Release|Any CPU
	EndGlobalSection
	GlobalSection(SolutionProperties) = preSolution
		HideSolutionNode = FALSE
	EndGlobalSection
	GlobalSection(ExtensibilityGlobals) = postSolution
		SolutionGuid = {51224020-A706-4915-BFEA-6888FD6AC92A}
	EndGlobalSection
EndGlobal
